
Microsoft Visual Studio Solution File, Format Version 12.00
# Visual Studio Version 17
VisualStudioVersion = 17.4.33213.308
MinimumVisualStudioVersion = 10.0.40219.1
Project("{FAE04EC0-301F-11D3-BF4B-00C04F79EFBC}") = "Web Api dapper", "Web Api dapper\Web Api dapper.csproj", "{954F4636-44B3-419E-8F6B-709185CDD229}"
EndProject
Global
	GlobalSection(SolutionConfigurationPlatforms) = preSolution
		Debug|Any CPU = Debug|Any CPU
		Release|Any CPU = Release|Any CPU
	EndGlobalSection
	GlobalSection(ProjectConfigurationPlatforms) = postSolution
		{954F4636-44B3-419E-8F6B-709185CDD229}.Debug|Any CPU.ActiveCfg = Debug|Any CPU
		{954F4636-44B3-419E-8F6B-709185CDD229}.Debug|Any CPU.Build.0 = Debug|Any CPU
		{954F4636-44B3-419E-8F6B-709185CDD229}.Release|Any CPU.ActiveCfg = Release|Any CPU
		{954F4636-44B3-419E-8F6B-709185CDD229}.Release|Any CPU.Build.0 = Release|Any CPU
	EndGlobalSection
	GlobalSection(SolutionProperties) = preSolution
		HideSolutionNode = FALSE
	EndGlobalSection
	GlobalSection(ExtensibilityGlobals) = postSolution
		SolutionGuid = {1E01499A-EEB4-4A26-A351-5DFC87A1932B}
	EndGlobalSection
EndGlobal
